{
  "name": "tmuxy-wasm",
  "version": "0.1.0",
  "lockfileVersion": 3,
  "requires": true,
  "packages": {
    "": {
      "name": "tmuxy-wasm",
      "version": "0.1.0",
      "dependencies": {
        "@wasmer/sdk": "^0.10.0"
      }
    },
    "node_modules/@wasmer/sdk": {
      "version": "0.10.0",
      "resolved": "https://registry.npmjs.org/@wasmer/sdk/-/sdk-0.10.0.tgz",
      "integrity": "sha512-YQ+s5tGag6P/I8kp9BTH+XhjoS9UFvWiZJvnWEEovClHffhYToKhprWr4UJG7wLP7c/2HQpGkF7ZrjoUvKjdmA==",
      "license": "MIT",
      "dependencies": {
        "web-worker": "^1.3.0"
      }
    },
    "node_modules/web-worker": {
      "version": "1.5.0",
      "resolved": "https://registry.npmjs.org/web-worker/-/web-worker-1.5.0.tgz",
      "integrity": "sha512-RiMReJrTAiA+mBjGONMnjVDP2u3p9R1vkcGz6gDIrOMT3oGuYwX2WRMYI9ipkphSuE5XKEhydbhNEJh4NY9mlw==",
      "license": "Apache-2.0"
    }
  }
}
